{
  "name": "admin-web",
  "version": "0.0.0",
  "lockfileVersion": 1,
  "requires": true,
  "dependencies": {
    "pnpm": {
      "version": "8.2.0",
      "resolved": "https://registry.npmmirror.com/pnpm/-/pnpm-8.2.0.tgz",
      "integrity": "sha512-f2/abl6GycxLgVZQtWA2zBJKMXcv2L86HGRwJ4qnS02gVzLgtFegC25qWKFtUunCY74GUwxq2A7yGAJEyOuCYg=="
    }
  }
}
